
Microsoft Visual Studio Solution File, Format Version 12.00
# Visual Studio Version 17
VisualStudioVersion = 17.4.33205.214
MinimumVisualStudioVersion = 10.0.40219.1
Project("{9A19103F-16F7-4668-BE54-9A1E7A4F7556}") = "Caesar_Algorithm", "Caesar_Algorithms\Caesar_Algorithm.csproj", "{56F2AA86-732D-459D-89C8-2F68C5F31A5C}"
EndProject
Project("{9A19103F-16F7-4668-BE54-9A1E7A4F7556}") = "CaesarCipher", "CaesarCipher\CaesarCipher.csproj", "{1090883D-89A8-4284-909A-300B83801A22}"
EndProject
Project("{9A19103F-16F7-4668-BE54-9A1E7A4F7556}") = "Linear_Algorithm(Affine)", "Linear_Algorithm(Affine)\Linear_Algorithm(Affine).csproj", "{BB2CF256-BF73-4BF5-96FA-98DB7C8C2407}"
EndProject
Project("{9A19103F-16F7-4668-BE54-9A1E7A4F7556}") = "Replacement_Algorithm", "Replacement_Algorithm\Replacement_Algorithm.csproj", "{98C113CE-B5C8-49EC-824D-2142380C37DB}"
EndProject
Project("{9A19103F-16F7-4668-BE54-9A1E7A4F7556}") = "Permutation_Algorithm", "Permutation_Algorithm\Permutation_Algorithm.csproj", "{B37C7C94-AB5C-402C-BCB1-ABA436993B97}"
EndProject
Project("{9A19103F-16F7-4668-BE54-9A1E7A4F7556}") = "Route_Algorithm", "Route_Algorithm\Route_Algorithm.csproj", "{0ABF4223-7798-4F75-B9E2-430EBA0E972A}"
EndProject
Project("{9A19103F-16F7-4668-BE54-9A1E7A4F7556}") = "4Squares_Algorithm", "4Squares_Algorithms\4Squares_Algorithm.csproj", "{4ABD8451-CAD5-4464-AD2D-3D2E2B55FB7E}"
EndProject
Project("{9A19103F-16F7-4668-BE54-9A1E7A4F7556}") = "Vigenere_Algorithm", "Vigenere_Algorithm\Vigenere_Algorithm.csproj", "{A4E9D385-E9AB-4D54-B6C0-5DDDBFEA8251}"
EndProject
Project("{9A19103F-16F7-4668-BE54-9A1E7A4F7556}") = "Replacement_Key_Algorithm", "Replacement_Key_Algorithm\Replacement_Key_Algorithm.csproj", "{1D3E8D70-1A30-4BE7-A83B-5F9969D0E1CC}"
EndProject
Project("{9A19103F-16F7-4668-BE54-9A1E7A4F7556}") = "Zig-Zag_Algorithm", "Zig-Zag_Algorithm\Zig-Zag_Algorithm.csproj", "{0013984B-B596-4487-8CED-064DC0E8F2A1}"
EndProject
Project("{FAE04EC0-301F-11D3-BF4B-00C04F79EFBC}") = "Hill_Algorithm", "Hill_Algorithm\Hill_Algorithm.csproj", "{3C27A5EF-0B89-4C1E-8390-DF79AC1E755A}"
EndProject
Global
	GlobalSection(SolutionConfigurationPlatforms) = preSolution
		Debug|Any CPU = Debug|Any CPU
		Release|Any CPU = Release|Any CPU
	EndGlobalSection
	GlobalSection(ProjectConfigurationPlatforms) = postSolution
		{56F2AA86-732D-459D-89C8-2F68C5F31A5C}.Debug|Any CPU.ActiveCfg = Debug|Any CPU
		{56F2AA86-732D-459D-89C8-2F68C5F31A5C}.Debug|Any CPU.Build.0 = Debug|Any CPU
		{56F2AA86-732D-459D-89C8-2F68C5F31A5C}.Release|Any CPU.ActiveCfg = Release|Any CPU
		{56F2AA86-732D-459D-89C8-2F68C5F31A5C}.Release|Any CPU.Build.0 = Release|Any CPU
		{1090883D-89A8-4284-909A-300B83801A22}.Debug|Any CPU.ActiveCfg = Debug|Any CPU
		{1090883D-89A8-4284-909A-300B83801A22}.Debug|Any CPU.Build.0 = Debug|Any CPU
		{1090883D-89A8-4284-909A-300B83801A22}.Release|Any CPU.ActiveCfg = Release|Any CPU
		{1090883D-89A8-4284-909A-300B83801A22}.Release|Any CPU.Build.0 = Release|Any CPU
		{BB2CF256-BF73-4BF5-96FA-98DB7C8C2407}.Debug|Any CPU.ActiveCfg = Debug|Any CPU
		{BB2CF256-BF73-4BF5-96FA-98DB7C8C2407}.Debug|Any CPU.Build.0 = Debug|Any CPU
		{BB2CF256-BF73-4BF5-96FA-98DB7C8C2407}.Release|Any CPU.ActiveCfg = Release|Any CPU
		{BB2CF256-BF73-4BF5-96FA-98DB7C8C2407}.Release|Any CPU.Build.0 = Release|Any CPU
		{98C113CE-B5C8-49EC-824D-2142380C37DB}.Debug|Any CPU.ActiveCfg = Debug|Any CPU
		{98C113CE-B5C8-49EC-824D-2142380C37DB}.Debug|Any CPU.Build.0 = Debug|Any CPU
		{98C113CE-B5C8-49EC-824D-2142380C37DB}.Release|Any CPU.ActiveCfg = Release|Any CPU
		{98C113CE-B5C8-49EC-824D-2142380C37DB}.Release|Any CPU.Build.0 = Release|Any CPU
		{B37C7C94-AB5C-402C-BCB1-ABA436993B97}.Debug|Any CPU.ActiveCfg = Debug|Any CPU
		{B37C7C94-AB5C-402C-BCB1-ABA436993B97}.Debug|Any CPU.Build.0 = Debug|Any CPU
		{B37C7C94-AB5C-402C-BCB1-ABA436993B97}.Release|Any CPU.ActiveCfg = Release|Any CPU
		{B37C7C94-AB5C-402C-BCB1-ABA436993B97}.Release|Any CPU.Build.0 = Release|Any CPU
		{0ABF4223-7798-4F75-B9E2-430EBA0E972A}.Debug|Any CPU.ActiveCfg = Debug|Any CPU
		{0ABF4223-7798-4F75-B9E2-430EBA0E972A}.Debug|Any CPU.Build.0 = Debug|Any CPU
		{0ABF4223-7798-4F75-B9E2-430EBA0E972A}.Release|Any CPU.ActiveCfg = Release|Any CPU
		{0ABF4223-7798-4F75-B9E2-430EBA0E972A}.Release|Any CPU.Build.0 = Release|Any CPU
		{4ABD8451-CAD5-4464-AD2D-3D2E2B55FB7E}.Debug|Any CPU.ActiveCfg = Debug|Any CPU
		{4ABD8451-CAD5-4464-AD2D-3D2E2B55FB7E}.Debug|Any CPU.Build.0 = Debug|Any CPU
		{4ABD8451-CAD5-4464-AD2D-3D2E2B55FB7E}.Release|Any CPU.ActiveCfg = Release|Any CPU
		{4ABD8451-CAD5-4464-AD2D-3D2E2B55FB7E}.Release|Any CPU.Build.0 = Release|Any CPU
		{A4E9D385-E9AB-4D54-B6C0-5DDDBFEA8251}.Debug|Any CPU.ActiveCfg = Debug|Any CPU
		{A4E9D385-E9AB-4D54-B6C0-5DDDBFEA8251}.Debug|Any CPU.Build.0 = Debug|Any CPU
		{A4E9D385-E9AB-4D54-B6C0-5DDDBFEA8251}.Release|Any CPU.ActiveCfg = Release|Any CPU
		{A4E9D385-E9AB-4D54-B6C0-5DDDBFEA8251}.Release|Any CPU.Build.0 = Release|Any CPU
		{1D3E8D70-1A30-4BE7-A83B-5F9969D0E1CC}.Debug|Any CPU.ActiveCfg = Debug|Any CPU
		{1D3E8D70-1A30-4BE7-A83B-5F9969D0E1CC}.Debug|Any CPU.Build.0 = Debug|Any CPU
		{1D3E8D70-1A30-4BE7-A83B-5F9969D0E1CC}.Release|Any CPU.ActiveCfg = Release|Any CPU
		{1D3E8D70-1A30-4BE7-A83B-5F9969D0E1CC}.Release|Any CPU.Build.0 = Release|Any CPU
		{0013984B-B596-4487-8CED-064DC0E8F2A1}.Debug|Any CPU.ActiveCfg = Debug|Any CPU
		{0013984B-B596-4487-8CED-064DC0E8F2A1}.Debug|Any CPU.Build.0 = Debug|Any CPU
		{0013984B-B596-4487-8CED-064DC0E8F2A1}.Release|Any CPU.ActiveCfg = Release|Any CPU
		{0013984B-B596-4487-8CED-064DC0E8F2A1}.Release|Any CPU.Build.0 = Release|Any CPU
		{3C27A5EF-0B89-4C1E-8390-DF79AC1E755A}.Debug|Any CPU.ActiveCfg = Debug|Any CPU
		{3C27A5EF-0B89-4C1E-8390-DF79AC1E755A}.Debug|Any CPU.Build.0 = Debug|Any CPU
		{3C27A5EF-0B89-4C1E-8390-DF79AC1E755A}.Release|Any CPU.ActiveCfg = Release|Any CPU
		{3C27A5EF-0B89-4C1E-8390-DF79AC1E755A}.Release|Any CPU.Build.0 = Release|Any CPU
	EndGlobalSection
	GlobalSection(SolutionProperties) = preSolution
		HideSolutionNode = FALSE
	EndGlobalSection
	GlobalSection(ExtensibilityGlobals) = postSolution
		SolutionGuid = {575D6869-8C96-482B-8203-CC3512E9EFD3}
	EndGlobalSection
EndGlobal
